// !$*UTF8*$!
{
	archiveVersion = 1;
	classes = {
	};
	objectVersion = 46;
	objects = {

/* Begin PBXBuildFile section */
		3F7190041D9A5C7800009331 /* AppDelegate.swift in Sources */ = {isa = PBXBuildFile; fileRef = 3F7190031D9A5C7800009331 /* AppDelegate.swift */; };
		3F7190061D9A5C7800009331 /* ViewController.swift in Sources */ = {isa = PBXBuildFile; fileRef = 3F7190051D9A5C7800009331 /* ViewController.swift */; };
		3F7190091D9A5C7800009331 /* Main.storyboard in Resources */ = {isa = PBXBuildFile; fileRef = 3F7190071D9A5C7800009331 /* Main.storyboard */; };
		3F71900B1D9A5C7800009331 /* Assets.xcassets in Resources */ = {isa = PBXBuildFile; fileRef = 3F71900A1D9A5C7800009331 /* Assets.xcassets */; };
		3F71900E1D9A5C7800009331 /* LaunchScreen.storyboard in Resources */ = {isa = PBXBuildFile; fileRef = 3F71900C1D9A5C7800009331 /* LaunchScreen.storyboard */; };
		3F7190181D9A5D0D00009331 /* MainController.swift in Sources */ = {isa = PBXBuildFile; fileRef = 3F7190171D9A5D0D00009331 /* MainController.swift */; };
		3F71901B1D9A5D9900009331 /* FirstVC.swift in Sources */ = {isa = PBXBuildFile; fileRef = 3F71901A1D9A5D9900009331 /* FirstVC.swift */; };
		3F71901D1D9A5DA500009331 /* SecondVC.swift in Sources */ = {isa = PBXBuildFile; fileRef = 3F71901C1D9A5DA500009331 /* SecondVC.swift */; };
		3F71901F1D9A5DAF00009331 /* ThirdVC.swift in Sources */ = {isa = PBXBuildFile; fileRef = 3F71901E1D9A5DAF00009331 /* ThirdVC.swift */; };
		3F7190211D9A5DBB00009331 /* FourthVC.swift in Sources */ = {isa = PBXBuildFile; fileRef = 3F7190201D9A5DBB00009331 /* FourthVC.swift */; };
		3F7190231D9A64B900009331 /* SettingVC.swift in Sources */ = {isa = PBXBuildFile; fileRef = 3F7190221D9A64B900009331 /* SettingVC.swift */; };
		3F7190261D9A65B800009331 /* UIBarButtonItem+Category.swift in Sources */ = {isa = PBXBuildFile; fileRef = 3F7190251D9A65B800009331 /* UIBarButtonItem+Category.swift */; };
		3F7190281D9A6A3A00009331 /* KNavigationController.swift in Sources */ = {isa = PBXBuildFile; fileRef = 3F7190271D9A6A3A00009331 /* KNavigationController.swift */; };
/* End PBXBuildFile section */

/* Begin PBXFileReference section */
		3F7190001D9A5C7800009331 /* CustomNavigationBarDemo.app */ = {isa = PBXFileReference; explicitFileType = wrapper.application; includeInIndex = 0; path = CustomNavigationBarDemo.app; sourceTree = BUILT_PRODUCTS_DIR; };
		3F7190031D9A5C7800009331 /* AppDelegate.swift */ = {isa = PBXFileReference; lastKnownFileType = sourcecode.swift; path = AppDelegate.swift; sourceTree = "<group>"; };
		3F7190051D9A5C7800009331 /* ViewController.swift */ = {isa = PBXFileReference; lastKnownFileType = sourcecode.swift; path = ViewController.swift; sourceTree = "<group>"; };
		3F7190081D9A5C7800009331 /* Base */ = {isa = PBXFileReference; lastKnownFileType = file.storyboard; name = Base; path = Base.lproj/Main.storyboard; sourceTree = "<group>"; };
		3F71900A1D9A5C7800009331 /* Assets.xcassets */ = {isa = PBXFileReference; lastKnownFileType = folder.assetcatalog; path = Assets.xcassets; sourceTree = "<group>"; };
		3F71900D1D9A5C7800009331 /* Base */ = {isa = PBXFileReference; lastKnownFileType = file.storyboard; name = Base; path = Base.lproj/LaunchScreen.storyboard; sourceTree = "<group>"; };
		3F71900F1D9A5C7800009331 /* Info.plist */ = {isa = PBXFileReference; lastKnownFileType = text.plist.xml; path = Info.plist; sourceTree = "<group>"; };
		3F7190171D9A5D0D00009331 /* MainController.swift */ = {isa = PBXFileReference; fileEncoding = 4; lastKnownFileType = sourcecode.swift; path = MainController.swift; sourceTree = "<group>"; };
		3F71901A1D9A5D9900009331 /* FirstVC.swift */ = {isa = PBXFileReference; fileEncoding = 4; lastKnownFileType = sourcecode.swift; path = FirstVC.swift; sourceTree = "<group>"; };
		3F71901C1D9A5DA500009331 /* SecondVC.swift */ = {isa = PBXFileReference; fileEncoding = 4; lastKnownFileType = sourcecode.swift; path = SecondVC.swift; sourceTree = "<group>"; };
		3F71901E1D9A5DAF00009331 /* ThirdVC.swift */ = {isa = PBXFileReference; fileEncoding = 4; lastKnownFileType = sourcecode.swift; path = ThirdVC.swift; sourceTree = "<group>"; };
		3F7190201D9A5DBB00009331 /* FourthVC.swift */ = {isa = PBXFileReference; fileEncoding = 4; lastKnownFileType = sourcecode.swift; path = FourthVC.swift; sourceTree = "<group>"; };
		3F7190221D9A64B900009331 /* SettingVC.swift */ = {isa = PBXFileReference; fileEncoding = 4; lastKnownFileType = sourcecode.swift; path = SettingVC.swift; sourceTree = "<group>"; };
		3F7190251D9A65B800009331 /* UIBarButtonItem+Category.swift */ = {isa = PBXFileReference; fileEncoding = 4; lastKnownFileType = sourcecode.swift; path = "UIBarButtonItem+Category.swift"; sourceTree = "<group>"; };
		3F7190271D9A6A3A00009331 /* KNavigationController.swift */ = {isa = PBXFileReference; fileEncoding = 4; lastKnownFileType = sourcecode.swift; path = KNavigationController.swift; sourceTree = "<group>"; };
/* End PBXFileReference section */

/* Begin PBXFrameworksBuildPhase section */
		3F718FFD1D9A5C7800009331 /* Frameworks */ = {
			isa = PBXFrameworksBuildPhase;
			buildActionMask = 2147483647;
			files = (
			);
			runOnlyForDeploymentPostprocessing = 0;
		};
/* End PBXFrameworksBuildPhase section */

/* Begin PBXGroup section */
		3F718FF71D9A5C7800009331 = {
			isa = PBXGroup;
			children = (
				3F7190021D9A5C7800009331 /* CustomNavigationBarDemo */,
				3F7190011D9A5C7800009331 /* Products */,
			);
			sourceTree = "<group>";
		};
		3F7190011D9A5C7800009331 /* Products */ = {
			isa = PBXGroup;
			children = (
				3F7190001D9A5C7800009331 /* CustomNavigationBarDemo.app */,
			);
			name = Products;
			sourceTree = "<group>";
		};
		3F7190021D9A5C7800009331 /* CustomNavigationBarDemo */ = {
			isa = PBXGroup;
			children = (
				3F7190151D9A5CDF00009331 /* Classes */,
				3F7190031D9A5C7800009331 /* AppDelegate.swift */,
				3F7190051D9A5C7800009331 /* ViewController.swift */,
				3F7190071D9A5C7800009331 /* Main.storyboard */,
				3F71900A1D9A5C7800009331 /* Assets.xcassets */,
				3F71900C1D9A5C7800009331 /* LaunchScreen.storyboard */,
				3F71900F1D9A5C7800009331 /* Info.plist */,
			);
			path = CustomNavigationBarDemo;
			sourceTree = "<group>";
		};
		3F7190151D9A5CDF00009331 /* Classes */ = {
			isa = PBXGroup;
			children = (
				3F7190241D9A658C00009331 /* Utils */,
				3F7190191D9A5D8400009331 /* Tabs */,
				3F7190161D9A5CDF00009331 /* Main */,
			);
			path = Classes;
			sourceTree = "<group>";
		};
		3F7190161D9A5CDF00009331 /* Main */ = {
			isa = PBXGroup;
			children = (
				3F7190171D9A5D0D00009331 /* MainController.swift */,
				3F7190271D9A6A3A00009331 /* KNavigationController.swift */,
			);
			path = Main;
			sourceTree = "<group>";
		};
		3F7190191D9A5D8400009331 /* Tabs */ = {
			isa = PBXGroup;
			children = (
				3F71901A1D9A5D9900009331 /* FirstVC.swift */,
				3F71901C1D9A5DA500009331 /* SecondVC.swift */,
				3F71901E1D9A5DAF00009331 /* ThirdVC.swift */,
				3F7190201D9A5DBB00009331 /* FourthVC.swift */,
				3F7190221D9A64B900009331 /* SettingVC.swift */,
			);
			path = Tabs;
			sourceTree = "<group>";
		};
		3F7190241D9A658C00009331 /* Utils */ = {
			isa = PBXGroup;
			children = (
				3F7190251D9A65B800009331 /* UIBarButtonItem+Category.swift */,
			);
			path = Utils;
			sourceTree = "<group>";
		};
/* End PBXGroup section */

/* Begin PBXNativeTarget section */
		3F718FFF1D9A5C7800009331 /* CustomNavigationBarDemo */ = {
			isa = PBXNativeTarget;
			buildConfigurationList = 3F7190121D9A5C7800009331 /* Build configuration list for PBXNativeTarget "CustomNavigationBarDemo" */;
			buildPhases = (
				3F718FFC1D9A5C7800009331 /* Sources */,
				3F718FFD1D9A5C7800009331 /* Frameworks */,
				3F718FFE1D9A5C7800009331 /* Resources */,
			);
			buildRules = (
			);
			dependencies = (
			);
			name = CustomNavigationBarDemo;
			productName = CustomNavigationBarDemo;
			productReference = 3F7190001D9A5C7800009331 /* CustomNavigationBarDemo.app */;
			productType = "com.apple.product-type.application";
		};
/* End PBXNativeTarget section */

/* Begin PBXProject section */
		3F718FF81D9A5C7800009331 /* Project object */ = {
			isa = PBXProject;
			attributes = {
				LastSwiftUpdateCheck = 0800;
				LastUpgradeCheck = 0800;
				ORGANIZATIONNAME = K;
				TargetAttributes = {
					3F718FFF1D9A5C7800009331 = {
						CreatedOnToolsVersion = 8.0;
						ProvisioningStyle = Automatic;
					};
				};
			};
			buildConfigurationList = 3F718FFB1D9A5C7800009331 /* Build configuration list for PBXProject "CustomNavigationBarDemo" */;
			compatibilityVersion = "Xcode 3.2";
			developmentRegion = English;
			hasScannedForEncodings = 0;
			knownRegions = (
				en,
				Base,
			);
			mainGroup = 3F718FF71D9A5C7800009331;
			productRefGroup = 3F7190011D9A5C7800009331 /* Products */;
			projectDirPath = "";
			projectRoot = "";
			targets = (
				3F718FFF1D9A5C7800009331 /* CustomNavigationBarDemo */,
			);
		};
/* End PBXProject section */

/* Begin PBXResourcesBuildPhase section */
		3F718FFE1D9A5C7800009331 /* Resources */ = {
			isa = PBXResourcesBuildPhase;
			buildActionMask = 2147483647;
			files = (
				3F71900E1D9A5C7800009331 /* LaunchScreen.storyboard in Resources */,
				3F71900B1D9A5C7800009331 /* Assets.xcassets in Resources */,
				3F7190091D9A5C7800009331 /* Main.storyboard in Resources */,
			);
			runOnlyForDeploymentPostprocessing = 0;
		};
/* End PBXResourcesBuildPhase section */

/* Begin PBXSourcesBuildPhase section */
		3F718FFC1D9A5C7800009331 /* Sources */ = {
			isa = PBXSourcesBuildPhase;
			buildActionMask = 2147483647;
			files = (
				3F71901F1D9A5DAF00009331 /* ThirdVC.swift in Sources */,
				3F7190281D9A6A3A00009331 /* KNavigationController.swift in Sources */,
				3F7190231D9A64B900009331 /* SettingVC.swift in Sources */,
				3F7190061D9A5C7800009331 /* ViewController.swift in Sources */,
				3F71901D1D9A5DA500009331 /* SecondVC.swift in Sources */,
				3F71901B1D9A5D9900009331 /* FirstVC.swift in Sources */,
				3F7190261D9A65B800009331 /* UIBarButtonItem+Category.swift in Sources */,
				3F7190181D9A5D0D00009331 /* MainController.swift in Sources */,
				3F7190211D9A5DBB00009331 /* FourthVC.swift in Sources */,
				3F7190041D9A5C7800009331 /* AppDelegate.swift in Sources */,
			);
			runOnlyForDeploymentPostprocessing = 0;
		};
/* End PBXSourcesBuildPhase section */

/* Begin PBXVariantGroup section */
		3F7190071D9A5C7800009331 /* Main.storyboard */ = {
			isa = PBXVariantGroup;
			children = (
				3F7190081D9A5C7800009331 /* Base */,
			);
			name = Main.storyboard;
			sourceTree = "<group>";
		};
		3F71900C1D9A5C7800009331 /* LaunchScreen.storyboard */ = {
			isa = PBXVariantGroup;
			children = (
				3F71900D1D9A5C7800009331 /* Base */,
			);
			name = LaunchScreen.storyboard;
			sourceTree = "<group>";
		};
/* End PBXVariantGroup section */

/* Begin XCBuildConfiguration section */
		3F7190101D9A5C7800009331 /* Debug */ = {
			isa = XCBuildConfiguration;
			buildSettings = {
				ALWAYS_SEARCH_USER_PATHS = NO;
				CLANG_ANALYZER_NONNULL = YES;
				CLANG_CXX_LANGUAGE_STANDARD = "gnu++0x";
				CLANG_CXX_LIBRARY = "libc++";
				CLANG_ENABLE_MODULES = YES;
				CLANG_ENABLE_OBJC_ARC = YES;
				CLANG_WARN_BOOL_CONVERSION = YES;
				CLANG_WARN_CONSTANT_CONVERSION = YES;
				CLANG_WARN_DIRECT_OBJC_ISA_USAGE = YES_ERROR;
				CLANG_WARN_DOCUMENTATION_COMMENTS = YES;
				CLANG_WARN_EMPTY_BODY = YES;
				CLANG_WARN_ENUM_CONVERSION = YES;
				CLANG_WARN_INFINITE_RECURSION = YES;
				CLANG_WARN_INT_CONVERSION = YES;
				CLANG_WARN_OBJC_ROOT_CLASS = YES_ERROR;
				CLANG_WARN_SUSPICIOUS_MOVES = YES;
				CLANG_WARN_UNREACHABLE_CODE = YES;
				CLANG_WARN__DUPLICATE_METHOD_MATCH = YES;
				"CODE_SIGN_IDENTITY[sdk=iphoneos*]" = "iPhone Developer";
				COPY_PHASE_STRIP = NO;
				DEBUG_INFORMATION_FORMAT = dwarf;
				ENABLE_STRICT_OBJC_MSGSEND = YES;
				ENABLE_TESTABILITY = YES;
				GCC_C_LANGUAGE_STANDARD = gnu99;
				GCC_DYNAMIC_NO_PIC = NO;
				GCC_NO_COMMON_BLOCKS = YES;
				GCC_OPTIMIZATION_LEVEL = 0;
				GCC_PREPROCESSOR_DEFINITIONS = (
					"DEBUG=1",
					"$(inherited)",
				);
				GCC_WARN_64_TO_32_BIT_CONVERSION = YES;
				GCC_WARN_ABOUT_RETURN_TYPE = YES_ERROR;
				GCC_WARN_UNDECLARED_SELECTOR = YES;
				GCC_WARN_UNINITIALIZED_AUTOS = YES_AGGRESSIVE;
				GCC_WARN_UNUSED_FUNCTION = YES;
				GCC_WARN_UNUSED_VARIABLE = YES;
				IPHONEOS_DEPLOYMENT_TARGET = 10.0;
				MTL_ENABLE_DEBUG_INFO = YES;
				ONLY_ACTIVE_ARCH = YES;
				SDKROOT = iphoneos;
				SWIFT_ACTIVE_COMPILATION_CONDITIONS = DEBUG;
				SWIFT_OPTIMIZATION_LEVEL = "-Onone";
			};
			name = Debug;
		};
		3F7190111D9A5C7800009331 /* Release */ = {
			isa = XCBuildConfiguration;
			buildSettings = {
				ALWAYS_SEARCH_USER_PATHS = NO;
				CLANG_ANALYZER_NONNULL = YES;
				CLANG_CXX_LANGUAGE_STANDARD = "gnu++0x";
				CLANG_CXX_LIBRARY = "libc++";
				CLANG_ENABLE_MODULES = YES;
				CLANG_ENABLE_OBJC_ARC = YES;
				CLANG_WARN_BOOL_CONVERSION = YES;
				CLANG_WARN_CONSTANT_CONVERSION = YES;
				CLANG_WARN_DIRECT_OBJC_ISA_USAGE = YES_ERROR;
				CLANG_WARN_DOCUMENTATION_COMMENTS = YES;
				CLANG_WARN_EMPTY_BODY = YES;
				CLANG_WARN_ENUM_CONVERSION = YES;
				CLANG_WARN_INFINITE_RECURSION = YES;
				CLANG_WARN_INT_CONVERSION = YES;
				CLANG_WARN_OBJC_ROOT_CLASS = YES_ERROR;
				CLANG_WARN_SUSPICIOUS_MOVES = YES;
				CLANG_WARN_UNREACHABLE_CODE = YES;
				CLANG_WARN__DUPLICATE_METHOD_MATCH = YES;
				"CODE_SIGN_IDENTITY[sdk=iphoneos*]" = "iPhone Developer";
				COPY_PHASE_STRIP = NO;
				DEBUG_INFORMATION_FORMAT = "dwarf-with-dsym";
				ENABLE_NS_ASSERTIONS = NO;
				ENABLE_STRICT_OBJC_MSGSEND = YES;
				GCC_C_LANGUAGE_STANDARD = gnu99;
				GCC_NO_COMMON_BLOCKS = YES;
				GCC_WARN_64_TO_32_BIT_CONVERSION = YES;
				GCC_WARN_ABOUT_RETURN_TYPE = YES_ERROR;
				GCC_WARN_UNDECLARED_SELECTOR = YES;
				GCC_WARN_UNINITIALIZED_AUTOS = YES_AGGRESSIVE;
				GCC_WARN_UNUSED_FUNCTION = YES;
				GCC_WARN_UNUSED_VARIABLE = YES;
				IPHONEOS_DEPLOYMENT_TARGET = 10.0;
				MTL_ENABLE_DEBUG_INFO = NO;
				SDKROOT = iphoneos;
				SWIFT_OPTIMIZATION_LEVEL = "-Owholemodule";
				VALIDATE_PRODUCT = YES;
			};
			name = Release;
		};
		3F7190131D9A5C7800009331 /* Debug */ = {
			isa = XCBuildConfiguration;
			buildSettings = {
				ASSETCATALOG_COMPILER_APPICON_NAME = AppIcon;
				INFOPLIST_FILE = CustomNavigationBarDemo/Info.plist;
				LD_RUNPATH_SEARCH_PATHS = "$(inherited) @executable_path/Frameworks";
				PRODUCT_BUNDLE_IDENTIFIER = "cn.swift-cn.CustomNavigationBarDemo";
				PRODUCT_NAME = "$(TARGET_NAME)";
				SWIFT_VERSION = 3.0;
			};
			name = Debug;
		};
		3F7190141D9A5C7800009331 /* Release */ = {
			isa = XCBuildConfiguration;
			buildSettings = {
				ASSETCATALOG_COMPILER_APPICON_NAME = AppIcon;
				INFOPLIST_FILE = CustomNavigationBarDemo/Info.plist;
				LD_RUNPATH_SEARCH_PATHS = "$(inherited) @executable_path/Frameworks";
				PRODUCT_BUNDLE_IDENTIFIER = "cn.swift-cn.CustomNavigationBarDemo";
				PRODUCT_NAME = "$(TARGET_NAME)";
				SWIFT_VERSION = 3.0;
			};
			name = Release;
		};
/* End XCBuildConfiguration section */

/* Begin XCConfigurationList section */
		3F718FFB1D9A5C7800009331 /* Build configuration list for PBXProject "CustomNavigationBarDemo" */ = {
			isa = XCConfigurationList;
			buildConfigurations = (
				3F7190101D9A5C7800009331 /* Debug */,
				3F7190111D9A5C7800009331 /* Release */,
			);
			defaultConfigurationIsVisible = 0;
			defaultConfigurationName = Release;
		};
		3F7190121D9A5C7800009331 /* Build configuration list for PBXNativeTarget "CustomNavigationBarDemo" */ = {
			isa = XCConfigurationList;
			buildConfigurations = (
				3F7190131D9A5C7800009331 /* Debug */,
				3F7190141D9A5C7800009331 /* Release */,
			);
			defaultConfigurationIsVisible = 0;
		};
/* End XCConfigurationList section */
	};
	rootObject = 3F718FF81D9A5C7800009331 /* Project object */;
}
